
Microsoft Visual Studio Solution File, Format Version 12.00
# Visual Studio Version 16
VisualStudioVersion = 16.0.31424.327
MinimumVisualStudioVersion = 10.0.40219.1
Project("{9A19103F-16F7-4668-BE54-9A1E7A4F7556}") = "ControleCliente.API", "ControleCliente.API\ControleCliente.API.csproj", "{90357D33-F7C4-438F-B902-AF0B56C580CD}"
EndProject
Project("{9A19103F-16F7-4668-BE54-9A1E7A4F7556}") = "ControleCliente.BLL", "ControleCliente.BLL\ControleCliente.BLL.csproj", "{B7015109-D846-4843-A384-FE22A8384F2D}"
EndProject
Project("{9A19103F-16F7-4668-BE54-9A1E7A4F7556}") = "ControleCliente.DAL", "ControleCliente.DAL\ControleCliente.DAL.csproj", "{D70F1773-7863-4B80-8554-D8E64A0CB55F}"
EndProject
Project("{FAE04EC0-301F-11D3-BF4B-00C04F79EFBC}") = "TestProjectControleCliente", "TestProjectControleCliente\TestProjectControleCliente.csproj", "{99D60AC0-E09E-4854-A000-CEC3A1DD00E3}"
EndProject
Global
	GlobalSection(SolutionConfigurationPlatforms) = preSolution
		Debug|Any CPU = Debug|Any CPU
		Release|Any CPU = Release|Any CPU
	EndGlobalSection
	GlobalSection(ProjectConfigurationPlatforms) = postSolution
		{90357D33-F7C4-438F-B902-AF0B56C580CD}.Debug|Any CPU.ActiveCfg = Debug|Any CPU
		{90357D33-F7C4-438F-B902-AF0B56C580CD}.Debug|Any CPU.Build.0 = Debug|Any CPU
		{90357D33-F7C4-438F-B902-AF0B56C580CD}.Release|Any CPU.ActiveCfg = Release|Any CPU
		{90357D33-F7C4-438F-B902-AF0B56C580CD}.Release|Any CPU.Build.0 = Release|Any CPU
		{B7015109-D846-4843-A384-FE22A8384F2D}.Debug|Any CPU.ActiveCfg = Debug|Any CPU
		{B7015109-D846-4843-A384-FE22A8384F2D}.Debug|Any CPU.Build.0 = Debug|Any CPU
		{B7015109-D846-4843-A384-FE22A8384F2D}.Release|Any CPU.ActiveCfg = Release|Any CPU
		{B7015109-D846-4843-A384-FE22A8384F2D}.Release|Any CPU.Build.0 = Release|Any CPU
		{D70F1773-7863-4B80-8554-D8E64A0CB55F}.Debug|Any CPU.ActiveCfg = Debug|Any CPU
		{D70F1773-7863-4B80-8554-D8E64A0CB55F}.Debug|Any CPU.Build.0 = Debug|Any CPU
		{D70F1773-7863-4B80-8554-D8E64A0CB55F}.Release|Any CPU.ActiveCfg = Release|Any CPU
		{D70F1773-7863-4B80-8554-D8E64A0CB55F}.Release|Any CPU.Build.0 = Release|Any CPU
		{99D60AC0-E09E-4854-A000-CEC3A1DD00E3}.Debug|Any CPU.ActiveCfg = Debug|Any CPU
		{99D60AC0-E09E-4854-A000-CEC3A1DD00E3}.Debug|Any CPU.Build.0 = Debug|Any CPU
		{99D60AC0-E09E-4854-A000-CEC3A1DD00E3}.Release|Any CPU.ActiveCfg = Release|Any CPU
		{99D60AC0-E09E-4854-A000-CEC3A1DD00E3}.Release|Any CPU.Build.0 = Release|Any CPU
	EndGlobalSection
	GlobalSection(SolutionProperties) = preSolution
		HideSolutionNode = FALSE
	EndGlobalSection
	GlobalSection(ExtensibilityGlobals) = postSolution
		SolutionGuid = {48159654-52E9-43A4-83D4-ACF050458E7A}
	EndGlobalSection
EndGlobal
